
Microsoft Visual Studio Solution File, Format Version 12.00
# Visual Studio Version 17
VisualStudioVersion = 17.14.36623.8 d17.14
MinimumVisualStudioVersion = 10.0.40219.1
Project("{FAE04EC0-301F-11D3-BF4B-00C04F79EFBC}") = "CarConsumer", "CarConsumer\CarConsumer.csproj", "{67E430B7-A96D-40BD-8990-1F6BCD7F417D}"
EndProject
Global
	GlobalSection(SolutionConfigurationPlatforms) = preSolution
		Debug|Any CPU = Debug|Any CPU
		Release|Any CPU = Release|Any CPU
	EndGlobalSection
	GlobalSection(ProjectConfigurationPlatforms) = postSolution
		{67E430B7-A96D-40BD-8990-1F6BCD7F417D}.Debug|Any CPU.ActiveCfg = Debug|Any CPU
		{67E430B7-A96D-40BD-8990-1F6BCD7F417D}.Debug|Any CPU.Build.0 = Debug|Any CPU
		{67E430B7-A96D-40BD-8990-1F6BCD7F417D}.Release|Any CPU.ActiveCfg = Release|Any CPU
		{67E430B7-A96D-40BD-8990-1F6BCD7F417D}.Release|Any CPU.Build.0 = Release|Any CPU
	EndGlobalSection
	GlobalSection(SolutionProperties) = preSolution
		HideSolutionNode = FALSE
	EndGlobalSection
	GlobalSection(ExtensibilityGlobals) = postSolution
		SolutionGuid = {281A0439-FDFD-4FBC-A4A2-B1BD28B4A67E}
	EndGlobalSection
EndGlobal
